
Microsoft Visual Studio Solution File, Format Version 12.00
# Visual Studio 15
VisualStudioVersion = 15.0.28010.2003
MinimumVisualStudioVersion = 10.0.40219.1
Project("{FAE04EC0-301F-11D3-BF4B-00C04F79EFBC}") = "LibNetworking", "LibNetworking\LibNetworking.csproj", "{2ADD010E-3AF9-4E22-A2EC-147AD9C88B15}"
EndProject
Project("{FAE04EC0-301F-11D3-BF4B-00C04F79EFBC}") = "Testing", "Testing\Testing.csproj", "{AEB42764-4130-4941-BAF7-74FFA5B26682}"
EndProject
Global
	GlobalSection(SolutionConfigurationPlatforms) = preSolution
		Debug|Any CPU = Debug|Any CPU
		Release|Any CPU = Release|Any CPU
	EndGlobalSection
	GlobalSection(ProjectConfigurationPlatforms) = postSolution
		{2ADD010E-3AF9-4E22-A2EC-147AD9C88B15}.Debug|Any CPU.ActiveCfg = Debug|Any CPU
		{2ADD010E-3AF9-4E22-A2EC-147AD9C88B15}.Debug|Any CPU.Build.0 = Debug|Any CPU
		{2ADD010E-3AF9-4E22-A2EC-147AD9C88B15}.Release|Any CPU.ActiveCfg = Release|Any CPU
		{2ADD010E-3AF9-4E22-A2EC-147AD9C88B15}.Release|Any CPU.Build.0 = Release|Any CPU
		{AEB42764-4130-4941-BAF7-74FFA5B26682}.Debug|Any CPU.ActiveCfg = Debug|Any CPU
		{AEB42764-4130-4941-BAF7-74FFA5B26682}.Debug|Any CPU.Build.0 = Debug|Any CPU
		{AEB42764-4130-4941-BAF7-74FFA5B26682}.Release|Any CPU.ActiveCfg = Release|Any CPU
		{AEB42764-4130-4941-BAF7-74FFA5B26682}.Release|Any CPU.Build.0 = Release|Any CPU
	EndGlobalSection
	GlobalSection(SolutionProperties) = preSolution
		HideSolutionNode = FALSE
	EndGlobalSection
	GlobalSection(ExtensibilityGlobals) = postSolution
		SolutionGuid = {5F9AA75E-09F1-4234-BB36-DF5C4682A92D}
	EndGlobalSection
EndGlobal
